
Microsoft Visual Studio Solution File, Format Version 12.00
# Visual Studio Version 17
VisualStudioVersion = 17.5.33502.453
MinimumVisualStudioVersion = 10.0.40219.1
Project("{8BC9CEB8-8B4A-11D0-8D11-00A0C91BC942}") = "BinarySearchTree", "BinarySearchTree.vcxproj", "{9FF39547-099E-4025-8317-29CAE9EE2F63}"
EndProject
Global
	GlobalSection(SolutionConfigurationPlatforms) = preSolution
		Debug|x64 = Debug|x64
		Debug|x86 = Debug|x86
		Release|x64 = Release|x64
		Release|x86 = Release|x86
	EndGlobalSection
	GlobalSection(ProjectConfigurationPlatforms) = postSolution
		{9FF39547-099E-4025-8317-29CAE9EE2F63}.Debug|x64.ActiveCfg = Debug|x64
		{9FF39547-099E-4025-8317-29CAE9EE2F63}.Debug|x64.Build.0 = Debug|x64
		{9FF39547-099E-4025-8317-29CAE9EE2F63}.Debug|x86.ActiveCfg = Debug|Win32
		{9FF39547-099E-4025-8317-29CAE9EE2F63}.Debug|x86.Build.0 = Debug|Win32
		{9FF39547-099E-4025-8317-29CAE9EE2F63}.Release|x64.ActiveCfg = Release|x64
		{9FF39547-099E-4025-8317-29CAE9EE2F63}.Release|x64.Build.0 = Release|x64
		{9FF39547-099E-4025-8317-29CAE9EE2F63}.Release|x86.ActiveCfg = Release|Win32
		{9FF39547-099E-4025-8317-29CAE9EE2F63}.Release|x86.Build.0 = Release|Win32
	EndGlobalSection
	GlobalSection(SolutionProperties) = preSolution
		HideSolutionNode = FALSE
	EndGlobalSection
	GlobalSection(ExtensibilityGlobals) = postSolution
		SolutionGuid = {09D54044-47B3-47AE-BE67-5128E28A9816}
	EndGlobalSection
EndGlobal
